
Microsoft Visual Studio Solution File, Format Version 12.00
# Visual Studio Version 17
VisualStudioVersion = 17.0.31903.59
MinimumVisualStudioVersion = 10.0.40219.1
Project("{FAE04EC0-301F-11D3-BF4B-00C04F79EFBC}") = "WMS.API", "WMS.API\WMS.API.csproj", "{F1BB864E-5E47-413F-8312-C354A479883D}"
EndProject
Project("{FAE04EC0-301F-11D3-BF4B-00C04F79EFBC}") = "WMS.Web", "WMS.Web\WMS.Web.csproj", "{03F0ED80-02A0-44DA-8DF2-739E1794386F}"
EndProject
Project("{FAE04EC0-301F-11D3-BF4B-00C04F79EFBC}") = "WMS.Domain", "WMS.Domain\WMS.Domain.csproj", "{8704DE4A-A4AC-403C-BA72-1B65C026444B}"
EndProject
Project("{FAE04EC0-301F-11D3-BF4B-00C04F79EFBC}") = "WMS.Application", "WMS.Application\WMS.Application.csproj", "{00791F00-BA2C-419C-B7A4-BC3811CDD3D0}"
EndProject
Project("{FAE04EC0-301F-11D3-BF4B-00C04F79EFBC}") = "WMS.Infrastructure", "WMS.Infrastructure\WMS.Infrastructure.csproj", "{93BBE3CA-4FD0-4680-B5AF-7EA6D2088CF6}"
EndProject
Project("{FAE04EC0-301F-11D3-BF4B-00C04F79EFBC}") = "WMS.Auth.API", "WMS.Auth.API\WMS.Auth.API.csproj", "{BA1B9116-EFF5-4B06-BCC9-2007F77CA066}"
EndProject
Project("{FAE04EC0-301F-11D3-BF4B-00C04F79EFBC}") = "WMS.Products.API", "WMS.Products.API\WMS.Products.API.csproj", "{F00C8155-11E7-4953-AF58-80A660543AED}"
EndProject
Project("{FAE04EC0-301F-11D3-BF4B-00C04F79EFBC}") = "WMS.Locations.API", "WMS.Locations.API\WMS.Locations.API.csproj", "{B6452430-615C-4A9D-8EAF-C9D32F760FE6}"
EndProject
Project("{FAE04EC0-301F-11D3-BF4B-00C04F79EFBC}") = "WMS.Inventory.API", "WMS.Inventory.API\WMS.Inventory.API.csproj", "{55268D17-535A-47C4-886E-8FFC4C93F131}"
EndProject
Project("{FAE04EC0-301F-11D3-BF4B-00C04F79EFBC}") = "WMS.Inbound.API", "WMS.Inbound.API\WMS.Inbound.API.csproj", "{CFD72775-E882-4F82-A7D7-665C689741E4}"
EndProject
Project("{FAE04EC0-301F-11D3-BF4B-00C04F79EFBC}") = "WMS.Outbound.API", "WMS.Outbound.API\WMS.Outbound.API.csproj", "{0ECB0513-D90F-4F4F-B111-C39E0807C1A3}"
EndProject
Project("{FAE04EC0-301F-11D3-BF4B-00C04F79EFBC}") = "WMS.Payment.API", "WMS.Payment.API\WMS.Payment.API.csproj", "{751006C9-64BB-41BA-8766-A607C6FF16A3}"
EndProject
Project("{FAE04EC0-301F-11D3-BF4B-00C04F79EFBC}") = "WMS.Delivery.API", "WMS.Delivery.API\WMS.Delivery.API.csproj", "{3744047B-9DE8-4787-A426-31A8DD938DC3}"
EndProject
Project("{FAE04EC0-301F-11D3-BF4B-00C04F79EFBC}") = "WMS.Gateway", "WMS.Gateway\WMS.Gateway.csproj", "{90DF083A-2102-47A9-BBBF-709CCF0EC779}"
EndProject
Project("{FAE04EC0-301F-11D3-BF4B-00C04F79EFBC}") = "WMS.Tests", "WMS.Tests\WMS.Tests.csproj", "{E4FC093F-6A91-4B8B-BBE2-ED017932BCEB}"
EndProject
Global
	GlobalSection(SolutionConfigurationPlatforms) = preSolution
		Debug|Any CPU = Debug|Any CPU
		Debug|x64 = Debug|x64
		Debug|x86 = Debug|x86
		Release|Any CPU = Release|Any CPU
		Release|x64 = Release|x64
		Release|x86 = Release|x86
	EndGlobalSection
	GlobalSection(ProjectConfigurationPlatforms) = postSolution
		{F1BB864E-5E47-413F-8312-C354A479883D}.Debug|Any CPU.ActiveCfg = Debug|Any CPU
		{F1BB864E-5E47-413F-8312-C354A479883D}.Debug|Any CPU.Build.0 = Debug|Any CPU
		{F1BB864E-5E47-413F-8312-C354A479883D}.Debug|x64.ActiveCfg = Debug|Any CPU
		{F1BB864E-5E47-413F-8312-C354A479883D}.Debug|x64.Build.0 = Debug|Any CPU
		{F1BB864E-5E47-413F-8312-C354A479883D}.Debug|x86.ActiveCfg = Debug|Any CPU
		{F1BB864E-5E47-413F-8312-C354A479883D}.Debug|x86.Build.0 = Debug|Any CPU
		{F1BB864E-5E47-413F-8312-C354A479883D}.Release|Any CPU.ActiveCfg = Release|Any CPU
		{F1BB864E-5E47-413F-8312-C354A479883D}.Release|Any CPU.Build.0 = Release|Any CPU
		{F1BB864E-5E47-413F-8312-C354A479883D}.Release|x64.ActiveCfg = Release|Any CPU
		{F1BB864E-5E47-413F-8312-C354A479883D}.Release|x64.Build.0 = Release|Any CPU
		{F1BB864E-5E47-413F-8312-C354A479883D}.Release|x86.ActiveCfg = Release|Any CPU
		{F1BB864E-5E47-413F-8312-C354A479883D}.Release|x86.Build.0 = Release|Any CPU
		{03F0ED80-02A0-44DA-8DF2-739E1794386F}.Debug|Any CPU.ActiveCfg = Debug|Any CPU
		{03F0ED80-02A0-44DA-8DF2-739E1794386F}.Debug|Any CPU.Build.0 = Debug|Any CPU
		{03F0ED80-02A0-44DA-8DF2-739E1794386F}.Debug|x64.ActiveCfg = Debug|Any CPU
		{03F0ED80-02A0-44DA-8DF2-739E1794386F}.Debug|x64.Build.0 = Debug|Any CPU
		{03F0ED80-02A0-44DA-8DF2-739E1794386F}.Debug|x86.ActiveCfg = Debug|Any CPU
		{03F0ED80-02A0-44DA-8DF2-739E1794386F}.Debug|x86.Build.0 = Debug|Any CPU
		{03F0ED80-02A0-44DA-8DF2-739E1794386F}.Release|Any CPU.ActiveCfg = Release|Any CPU
		{03F0ED80-02A0-44DA-8DF2-739E1794386F}.Release|Any CPU.Build.0 = Release|Any CPU
		{03F0ED80-02A0-44DA-8DF2-739E1794386F}.Release|x64.ActiveCfg = Release|Any CPU
		{03F0ED80-02A0-44DA-8DF2-739E1794386F}.Release|x64.Build.0 = Release|Any CPU
		{03F0ED80-02A0-44DA-8DF2-739E1794386F}.Release|x86.ActiveCfg = Release|Any CPU
		{03F0ED80-02A0-44DA-8DF2-739E1794386F}.Release|x86.Build.0 = Release|Any CPU
		{8704DE4A-A4AC-403C-BA72-1B65C026444B}.Debug|Any CPU.ActiveCfg = Debug|Any CPU
		{8704DE4A-A4AC-403C-BA72-1B65C026444B}.Debug|Any CPU.Build.0 = Debug|Any CPU
		{8704DE4A-A4AC-403C-BA72-1B65C026444B}.Debug|x64.ActiveCfg = Debug|Any CPU
		{8704DE4A-A4AC-403C-BA72-1B65C026444B}.Debug|x64.Build.0 = Debug|Any CPU
		{8704DE4A-A4AC-403C-BA72-1B65C026444B}.Debug|x86.ActiveCfg = Debug|Any CPU
		{8704DE4A-A4AC-403C-BA72-1B65C026444B}.Debug|x86.Build.0 = Debug|Any CPU
		{8704DE4A-A4AC-403C-BA72-1B65C026444B}.Release|Any CPU.ActiveCfg = Release|Any CPU
		{8704DE4A-A4AC-403C-BA72-1B65C026444B}.Release|Any CPU.Build.0 = Release|Any CPU
		{8704DE4A-A4AC-403C-BA72-1B65C026444B}.Release|x64.ActiveCfg = Release|Any CPU
		{8704DE4A-A4AC-403C-BA72-1B65C026444B}.Release|x64.Build.0 = Release|Any CPU
		{8704DE4A-A4AC-403C-BA72-1B65C026444B}.Release|x86.ActiveCfg = Release|Any CPU
		{8704DE4A-A4AC-403C-BA72-1B65C026444B}.Release|x86.Build.0 = Release|Any CPU
		{00791F00-BA2C-419C-B7A4-BC3811CDD3D0}.Debug|Any CPU.ActiveCfg = Debug|Any CPU
		{00791F00-BA2C-419C-B7A4-BC3811CDD3D0}.Debug|Any CPU.Build.0 = Debug|Any CPU
		{00791F00-BA2C-419C-B7A4-BC3811CDD3D0}.Debug|x64.ActiveCfg = Debug|Any CPU
		{00791F00-BA2C-419C-B7A4-BC3811CDD3D0}.Debug|x64.Build.0 = Debug|Any CPU
		{00791F00-BA2C-419C-B7A4-BC3811CDD3D0}.Debug|x86.ActiveCfg = Debug|Any CPU
		{00791F00-BA2C-419C-B7A4-BC3811CDD3D0}.Debug|x86.Build.0 = Debug|Any CPU
		{00791F00-BA2C-419C-B7A4-BC3811CDD3D0}.Release|Any CPU.ActiveCfg = Release|Any CPU
		{00791F00-BA2C-419C-B7A4-BC3811CDD3D0}.Release|Any CPU.Build.0 = Release|Any CPU
		{00791F00-BA2C-419C-B7A4-BC3811CDD3D0}.Release|x64.ActiveCfg = Release|Any CPU
		{00791F00-BA2C-419C-B7A4-BC3811CDD3D0}.Release|x64.Build.0 = Release|Any CPU
		{00791F00-BA2C-419C-B7A4-BC3811CDD3D0}.Release|x86.ActiveCfg = Release|Any CPU
		{00791F00-BA2C-419C-B7A4-BC3811CDD3D0}.Release|x86.Build.0 = Release|Any CPU
		{93BBE3CA-4FD0-4680-B5AF-7EA6D2088CF6}.Debug|Any CPU.ActiveCfg = Debug|Any CPU
		{93BBE3CA-4FD0-4680-B5AF-7EA6D2088CF6}.Debug|Any CPU.Build.0 = Debug|Any CPU
		{93BBE3CA-4FD0-4680-B5AF-7EA6D2088CF6}.Debug|x64.ActiveCfg = Debug|Any CPU
		{93BBE3CA-4FD0-4680-B5AF-7EA6D2088CF6}.Debug|x64.Build.0 = Debug|Any CPU
		{93BBE3CA-4FD0-4680-B5AF-7EA6D2088CF6}.Debug|x86.ActiveCfg = Debug|Any CPU
		{93BBE3CA-4FD0-4680-B5AF-7EA6D2088CF6}.Debug|x86.Build.0 = Debug|Any CPU
		{93BBE3CA-4FD0-4680-B5AF-7EA6D2088CF6}.Release|Any CPU.ActiveCfg = Release|Any CPU
		{93BBE3CA-4FD0-4680-B5AF-7EA6D2088CF6}.Release|Any CPU.Build.0 = Release|Any CPU
		{93BBE3CA-4FD0-4680-B5AF-7EA6D2088CF6}.Release|x64.ActiveCfg = Release|Any CPU
		{93BBE3CA-4FD0-4680-B5AF-7EA6D2088CF6}.Release|x64.Build.0 = Release|Any CPU
		{93BBE3CA-4FD0-4680-B5AF-7EA6D2088CF6}.Release|x86.ActiveCfg = Release|Any CPU
		{93BBE3CA-4FD0-4680-B5AF-7EA6D2088CF6}.Release|x86.Build.0 = Release|Any CPU
		{BA1B9116-EFF5-4B06-BCC9-2007F77CA066}.Debug|Any CPU.ActiveCfg = Debug|Any CPU
		{BA1B9116-EFF5-4B06-BCC9-2007F77CA066}.Debug|Any CPU.Build.0 = Debug|Any CPU
		{BA1B9116-EFF5-4B06-BCC9-2007F77CA066}.Debug|x64.ActiveCfg = Debug|Any CPU
		{BA1B9116-EFF5-4B06-BCC9-2007F77CA066}.Debug|x64.Build.0 = Debug|Any CPU
		{BA1B9116-EFF5-4B06-BCC9-2007F77CA066}.Debug|x86.ActiveCfg = Debug|Any CPU
		{BA1B9116-EFF5-4B06-BCC9-2007F77CA066}.Debug|x86.Build.0 = Debug|Any CPU
		{BA1B9116-EFF5-4B06-BCC9-2007F77CA066}.Release|Any CPU.ActiveCfg = Release|Any CPU
		{BA1B9116-EFF5-4B06-BCC9-2007F77CA066}.Release|Any CPU.Build.0 = Release|Any CPU
		{BA1B9116-EFF5-4B06-BCC9-2007F77CA066}.Release|x64.ActiveCfg = Release|Any CPU
		{BA1B9116-EFF5-4B06-BCC9-2007F77CA066}.Release|x64.Build.0 = Release|Any CPU
		{BA1B9116-EFF5-4B06-BCC9-2007F77CA066}.Release|x86.ActiveCfg = Release|Any CPU
		{BA1B9116-EFF5-4B06-BCC9-2007F77CA066}.Release|x86.Build.0 = Release|Any CPU
		{F00C8155-11E7-4953-AF58-80A660543AED}.Debug|Any CPU.ActiveCfg = Debug|Any CPU
		{F00C8155-11E7-4953-AF58-80A660543AED}.Debug|Any CPU.Build.0 = Debug|Any CPU
		{F00C8155-11E7-4953-AF58-80A660543AED}.Debug|x64.ActiveCfg = Debug|Any CPU
		{F00C8155-11E7-4953-AF58-80A660543AED}.Debug|x64.Build.0 = Debug|Any CPU
		{F00C8155-11E7-4953-AF58-80A660543AED}.Debug|x86.ActiveCfg = Debug|Any CPU
		{F00C8155-11E7-4953-AF58-80A660543AED}.Debug|x86.Build.0 = Debug|Any CPU
		{F00C8155-11E7-4953-AF58-80A660543AED}.Release|Any CPU.ActiveCfg = Release|Any CPU
		{F00C8155-11E7-4953-AF58-80A660543AED}.Release|Any CPU.Build.0 = Release|Any CPU
		{F00C8155-11E7-4953-AF58-80A660543AED}.Release|x64.ActiveCfg = Release|Any CPU
		{F00C8155-11E7-4953-AF58-80A660543AED}.Release|x64.Build.0 = Release|Any CPU
		{F00C8155-11E7-4953-AF58-80A660543AED}.Release|x86.ActiveCfg = Release|Any CPU
		{F00C8155-11E7-4953-AF58-80A660543AED}.Release|x86.Build.0 = Release|Any CPU
		{B6452430-615C-4A9D-8EAF-C9D32F760FE6}.Debug|Any CPU.ActiveCfg = Debug|Any CPU
		{B6452430-615C-4A9D-8EAF-C9D32F760FE6}.Debug|Any CPU.Build.0 = Debug|Any CPU
		{B6452430-615C-4A9D-8EAF-C9D32F760FE6}.Debug|x64.ActiveCfg = Debug|Any CPU
		{B6452430-615C-4A9D-8EAF-C9D32F760FE6}.Debug|x64.Build.0 = Debug|Any CPU
		{B6452430-615C-4A9D-8EAF-C9D32F760FE6}.Debug|x86.ActiveCfg = Debug|Any CPU
		{B6452430-615C-4A9D-8EAF-C9D32F760FE6}.Debug|x86.Build.0 = Debug|Any CPU
		{B6452430-615C-4A9D-8EAF-C9D32F760FE6}.Release|Any CPU.ActiveCfg = Release|Any CPU
		{B6452430-615C-4A9D-8EAF-C9D32F760FE6}.Release|Any CPU.Build.0 = Release|Any CPU
		{B6452430-615C-4A9D-8EAF-C9D32F760FE6}.Release|x64.ActiveCfg = Release|Any CPU
		{B6452430-615C-4A9D-8EAF-C9D32F760FE6}.Release|x64.Build.0 = Release|Any CPU
		{B6452430-615C-4A9D-8EAF-C9D32F760FE6}.Release|x86.ActiveCfg = Release|Any CPU
		{B6452430-615C-4A9D-8EAF-C9D32F760FE6}.Release|x86.Build.0 = Release|Any CPU
		{55268D17-535A-47C4-886E-8FFC4C93F131}.Debug|Any CPU.ActiveCfg = Debug|Any CPU
		{55268D17-535A-47C4-886E-8FFC4C93F131}.Debug|Any CPU.Build.0 = Debug|Any CPU
		{55268D17-535A-47C4-886E-8FFC4C93F131}.Debug|x64.ActiveCfg = Debug|Any CPU
		{55268D17-535A-47C4-886E-8FFC4C93F131}.Debug|x64.Build.0 = Debug|Any CPU
		{55268D17-535A-47C4-886E-8FFC4C93F131}.Debug|x86.ActiveCfg = Debug|Any CPU
		{55268D17-535A-47C4-886E-8FFC4C93F131}.Debug|x86.Build.0 = Debug|Any CPU
		{55268D17-535A-47C4-886E-8FFC4C93F131}.Release|Any CPU.ActiveCfg = Release|Any CPU
		{55268D17-535A-47C4-886E-8FFC4C93F131}.Release|Any CPU.Build.0 = Release|Any CPU
		{55268D17-535A-47C4-886E-8FFC4C93F131}.Release|x64.ActiveCfg = Release|Any CPU
		{55268D17-535A-47C4-886E-8FFC4C93F131}.Release|x64.Build.0 = Release|Any CPU
		{55268D17-535A-47C4-886E-8FFC4C93F131}.Release|x86.ActiveCfg = Release|Any CPU
		{55268D17-535A-47C4-886E-8FFC4C93F131}.Release|x86.Build.0 = Release|Any CPU
		{CFD72775-E882-4F82-A7D7-665C689741E4}.Debug|Any CPU.ActiveCfg = Debug|Any CPU
		{CFD72775-E882-4F82-A7D7-665C689741E4}.Debug|Any CPU.Build.0 = Debug|Any CPU
		{CFD72775-E882-4F82-A7D7-665C689741E4}.Debug|x64.ActiveCfg = Debug|Any CPU
		{CFD72775-E882-4F82-A7D7-665C689741E4}.Debug|x64.Build.0 = Debug|Any CPU
		{CFD72775-E882-4F82-A7D7-665C689741E4}.Debug|x86.ActiveCfg = Debug|Any CPU
		{CFD72775-E882-4F82-A7D7-665C689741E4}.Debug|x86.Build.0 = Debug|Any CPU
		{CFD72775-E882-4F82-A7D7-665C689741E4}.Release|Any CPU.ActiveCfg = Release|Any CPU
		{CFD72775-E882-4F82-A7D7-665C689741E4}.Release|Any CPU.Build.0 = Release|Any CPU
		{CFD72775-E882-4F82-A7D7-665C689741E4}.Release|x64.ActiveCfg = Release|Any CPU
		{CFD72775-E882-4F82-A7D7-665C689741E4}.Release|x64.Build.0 = Release|Any CPU
		{CFD72775-E882-4F82-A7D7-665C689741E4}.Release|x86.ActiveCfg = Release|Any CPU
		{CFD72775-E882-4F82-A7D7-665C689741E4}.Release|x86.Build.0 = Release|Any CPU
		{0ECB0513-D90F-4F4F-B111-C39E0807C1A3}.Debug|Any CPU.ActiveCfg = Debug|Any CPU
		{0ECB0513-D90F-4F4F-B111-C39E0807C1A3}.Debug|Any CPU.Build.0 = Debug|Any CPU
		{0ECB0513-D90F-4F4F-B111-C39E0807C1A3}.Debug|x64.ActiveCfg = Debug|Any CPU
		{0ECB0513-D90F-4F4F-B111-C39E0807C1A3}.Debug|x64.Build.0 = Debug|Any CPU
		{0ECB0513-D90F-4F4F-B111-C39E0807C1A3}.Debug|x86.ActiveCfg = Debug|Any CPU
		{0ECB0513-D90F-4F4F-B111-C39E0807C1A3}.Debug|x86.Build.0 = Debug|Any CPU
		{0ECB0513-D90F-4F4F-B111-C39E0807C1A3}.Release|Any CPU.ActiveCfg = Release|Any CPU
		{0ECB0513-D90F-4F4F-B111-C39E0807C1A3}.Release|Any CPU.Build.0 = Release|Any CPU
		{0ECB0513-D90F-4F4F-B111-C39E0807C1A3}.Release|x64.ActiveCfg = Release|Any CPU
		{0ECB0513-D90F-4F4F-B111-C39E0807C1A3}.Release|x64.Build.0 = Release|Any CPU
		{0ECB0513-D90F-4F4F-B111-C39E0807C1A3}.Release|x86.ActiveCfg = Release|Any CPU
		{0ECB0513-D90F-4F4F-B111-C39E0807C1A3}.Release|x86.Build.0 = Release|Any CPU
		{751006C9-64BB-41BA-8766-A607C6FF16A3}.Debug|Any CPU.ActiveCfg = Debug|Any CPU
		{751006C9-64BB-41BA-8766-A607C6FF16A3}.Debug|Any CPU.Build.0 = Debug|Any CPU
		{751006C9-64BB-41BA-8766-A607C6FF16A3}.Debug|x64.ActiveCfg = Debug|Any CPU
		{751006C9-64BB-41BA-8766-A607C6FF16A3}.Debug|x64.Build.0 = Debug|Any CPU
		{751006C9-64BB-41BA-8766-A607C6FF16A3}.Debug|x86.ActiveCfg = Debug|Any CPU
		{751006C9-64BB-41BA-8766-A607C6FF16A3}.Debug|x86.Build.0 = Debug|Any CPU
		{751006C9-64BB-41BA-8766-A607C6FF16A3}.Release|Any CPU.ActiveCfg = Release|Any CPU
		{751006C9-64BB-41BA-8766-A607C6FF16A3}.Release|Any CPU.Build.0 = Release|Any CPU
		{751006C9-64BB-41BA-8766-A607C6FF16A3}.Release|x64.ActiveCfg = Release|Any CPU
		{751006C9-64BB-41BA-8766-A607C6FF16A3}.Release|x64.Build.0 = Release|Any CPU
		{751006C9-64BB-41BA-8766-A607C6FF16A3}.Release|x86.ActiveCfg = Release|Any CPU
		{751006C9-64BB-41BA-8766-A607C6FF16A3}.Release|x86.Build.0 = Release|Any CPU
		{3744047B-9DE8-4787-A426-31A8DD938DC3}.Debug|Any CPU.ActiveCfg = Debug|Any CPU
		{3744047B-9DE8-4787-A426-31A8DD938DC3}.Debug|Any CPU.Build.0 = Debug|Any CPU
		{3744047B-9DE8-4787-A426-31A8DD938DC3}.Debug|x64.ActiveCfg = Debug|Any CPU
		{3744047B-9DE8-4787-A426-31A8DD938DC3}.Debug|x64.Build.0 = Debug|Any CPU
		{3744047B-9DE8-4787-A426-31A8DD938DC3}.Debug|x86.ActiveCfg = Debug|Any CPU
		{3744047B-9DE8-4787-A426-31A8DD938DC3}.Debug|x86.Build.0 = Debug|Any CPU
		{3744047B-9DE8-4787-A426-31A8DD938DC3}.Release|Any CPU.ActiveCfg = Release|Any CPU
		{3744047B-9DE8-4787-A426-31A8DD938DC3}.Release|Any CPU.Build.0 = Release|Any CPU
		{3744047B-9DE8-4787-A426-31A8DD938DC3}.Release|x64.ActiveCfg = Release|Any CPU
		{3744047B-9DE8-4787-A426-31A8DD938DC3}.Release|x64.Build.0 = Release|Any CPU
		{3744047B-9DE8-4787-A426-31A8DD938DC3}.Release|x86.ActiveCfg = Release|Any CPU
		{3744047B-9DE8-4787-A426-31A8DD938DC3}.Release|x86.Build.0 = Release|Any CPU
		{90DF083A-2102-47A9-BBBF-709CCF0EC779}.Debug|Any CPU.ActiveCfg = Debug|Any CPU
		{90DF083A-2102-47A9-BBBF-709CCF0EC779}.Debug|Any CPU.Build.0 = Debug|Any CPU
		{90DF083A-2102-47A9-BBBF-709CCF0EC779}.Debug|x64.ActiveCfg = Debug|Any CPU
		{90DF083A-2102-47A9-BBBF-709CCF0EC779}.Debug|x64.Build.0 = Debug|Any CPU
		{90DF083A-2102-47A9-BBBF-709CCF0EC779}.Debug|x86.ActiveCfg = Debug|Any CPU
		{90DF083A-2102-47A9-BBBF-709CCF0EC779}.Debug|x86.Build.0 = Debug|Any CPU
		{90DF083A-2102-47A9-BBBF-709CCF0EC779}.Release|Any CPU.ActiveCfg = Release|Any CPU
		{90DF083A-2102-47A9-BBBF-709CCF0EC779}.Release|Any CPU.Build.0 = Release|Any CPU
		{90DF083A-2102-47A9-BBBF-709CCF0EC779}.Release|x64.ActiveCfg = Release|Any CPU
		{90DF083A-2102-47A9-BBBF-709CCF0EC779}.Release|x64.Build.0 = Release|Any CPU
		{90DF083A-2102-47A9-BBBF-709CCF0EC779}.Release|x86.ActiveCfg = Release|Any CPU
		{90DF083A-2102-47A9-BBBF-709CCF0EC779}.Release|x86.Build.0 = Release|Any CPU
		{E4FC093F-6A91-4B8B-BBE2-ED017932BCEB}.Debug|Any CPU.ActiveCfg = Debug|Any CPU
		{E4FC093F-6A91-4B8B-BBE2-ED017932BCEB}.Debug|Any CPU.Build.0 = Debug|Any CPU
		{E4FC093F-6A91-4B8B-BBE2-ED017932BCEB}.Debug|x64.ActiveCfg = Debug|Any CPU
		{E4FC093F-6A91-4B8B-BBE2-ED017932BCEB}.Debug|x64.Build.0 = Debug|Any CPU
		{E4FC093F-6A91-4B8B-BBE2-ED017932BCEB}.Debug|x86.ActiveCfg = Debug|Any CPU
		{E4FC093F-6A91-4B8B-BBE2-ED017932BCEB}.Debug|x86.Build.0 = Debug|Any CPU
		{E4FC093F-6A91-4B8B-BBE2-ED017932BCEB}.Release|Any CPU.ActiveCfg = Release|Any CPU
		{E4FC093F-6A91-4B8B-BBE2-ED017932BCEB}.Release|Any CPU.Build.0 = Release|Any CPU
		{E4FC093F-6A91-4B8B-BBE2-ED017932BCEB}.Release|x64.ActiveCfg = Release|Any CPU
		{E4FC093F-6A91-4B8B-BBE2-ED017932BCEB}.Release|x64.Build.0 = Release|Any CPU
		{E4FC093F-6A91-4B8B-BBE2-ED017932BCEB}.Release|x86.ActiveCfg = Release|Any CPU
		{E4FC093F-6A91-4B8B-BBE2-ED017932BCEB}.Release|x86.Build.0 = Release|Any CPU
	EndGlobalSection
	GlobalSection(SolutionProperties) = preSolution
		HideSolutionNode = FALSE
	EndGlobalSection
EndGlobal
